
Microsoft Visual Studio Solution File, Format Version 12.00
# Visual Studio Version 17
VisualStudioVersion = 17.0.31903.59
MinimumVisualStudioVersion = 10.0.40219.1
Project("{2150E333-8FDC-42A3-9474-1A3956D46DE8}") = "src", "src", "{BA61F26E-D81F-43F8-BA1D-FB42E31AECA9}"
EndProject
Project("{F2A71F9B-5D33-465A-A702-920D77279786}") = "Fable.React.UseElmish", "src\Fable.React.UseElmish\Fable.React.UseElmish.fsproj", "{203CF35A-A0F4-4AA0-A6D1-358CD7721834}"
EndProject
Global
	GlobalSection(SolutionConfigurationPlatforms) = preSolution
		Debug|Any CPU = Debug|Any CPU
		Release|Any CPU = Release|Any CPU
	EndGlobalSection
	GlobalSection(SolutionProperties) = preSolution
		HideSolutionNode = FALSE
	EndGlobalSection
	GlobalSection(ProjectConfigurationPlatforms) = postSolution
		{203CF35A-A0F4-4AA0-A6D1-358CD7721834}.Debug|Any CPU.ActiveCfg = Debug|Any CPU
		{203CF35A-A0F4-4AA0-A6D1-358CD7721834}.Debug|Any CPU.Build.0 = Debug|Any CPU
		{203CF35A-A0F4-4AA0-A6D1-358CD7721834}.Release|Any CPU.ActiveCfg = Release|Any CPU
		{203CF35A-A0F4-4AA0-A6D1-358CD7721834}.Release|Any CPU.Build.0 = Release|Any CPU
	EndGlobalSection
	GlobalSection(NestedProjects) = preSolution
		{203CF35A-A0F4-4AA0-A6D1-358CD7721834} = {BA61F26E-D81F-43F8-BA1D-FB42E31AECA9}
	EndGlobalSection
EndGlobal
